
Microsoft Visual Studio Solution File, Format Version 12.00
# Visual Studio 15
VisualStudioVersion = 15.0.28307.168
MinimumVisualStudioVersion = 10.0.40219.1
Project("{9A19103F-16F7-4668-BE54-9A1E7A4F7556}") = "DataStore", "DataStore.csproj", "{6E32DDC0-CF38-4C17-812C-B5611A401FA7}"
EndProject
Project("{FAE04EC0-301F-11D3-BF4B-00C04F79EFBC}") = "DataStore.UnitTest", "..\DataStore.UnitTest\DataStore.UnitTest.csproj", "{6B90A201-C959-46B8-BC12-1A07508EB9C1}"
EndProject
Global
	GlobalSection(SolutionConfigurationPlatforms) = preSolution
		Debug|Any CPU = Debug|Any CPU
		Release|Any CPU = Release|Any CPU
	EndGlobalSection
	GlobalSection(ProjectConfigurationPlatforms) = postSolution
		{6E32DDC0-CF38-4C17-812C-B5611A401FA7}.Debug|Any CPU.ActiveCfg = Debug|Any CPU
		{6E32DDC0-CF38-4C17-812C-B5611A401FA7}.Debug|Any CPU.Build.0 = Debug|Any CPU
		{6E32DDC0-CF38-4C17-812C-B5611A401FA7}.Release|Any CPU.ActiveCfg = Release|Any CPU
		{6E32DDC0-CF38-4C17-812C-B5611A401FA7}.Release|Any CPU.Build.0 = Release|Any CPU
		{6B90A201-C959-46B8-BC12-1A07508EB9C1}.Debug|Any CPU.ActiveCfg = Debug|Any CPU
		{6B90A201-C959-46B8-BC12-1A07508EB9C1}.Debug|Any CPU.Build.0 = Debug|Any CPU
		{6B90A201-C959-46B8-BC12-1A07508EB9C1}.Release|Any CPU.ActiveCfg = Release|Any CPU
		{6B90A201-C959-46B8-BC12-1A07508EB9C1}.Release|Any CPU.Build.0 = Release|Any CPU
	EndGlobalSection
	GlobalSection(SolutionProperties) = preSolution
		HideSolutionNode = FALSE
	EndGlobalSection
	GlobalSection(ExtensibilityGlobals) = postSolution
		SolutionGuid = {4F934137-0B5D-41C6-91FC-071BAC053603}
	EndGlobalSection
EndGlobal
